
Microsoft Visual Studio Solution File, Format Version 12.00
# Visual Studio Version 17
VisualStudioVersion = 17.3.32901.215
MinimumVisualStudioVersion = 10.0.40219.1
Project("{FAE04EC0-301F-11D3-BF4B-00C04F79EFBC}") = "demo die zweite", "demo die zweite\demo die zweite.csproj", "{3C40CB5D-74E4-4311-80F5-3E527734B77A}"
EndProject
Global
	GlobalSection(SolutionConfigurationPlatforms) = preSolution
		Debug|Any CPU = Debug|Any CPU
		Release|Any CPU = Release|Any CPU
	EndGlobalSection
	GlobalSection(ProjectConfigurationPlatforms) = postSolution
		{3C40CB5D-74E4-4311-80F5-3E527734B77A}.Debug|Any CPU.ActiveCfg = Debug|Any CPU
		{3C40CB5D-74E4-4311-80F5-3E527734B77A}.Debug|Any CPU.Build.0 = Debug|Any CPU
		{3C40CB5D-74E4-4311-80F5-3E527734B77A}.Release|Any CPU.ActiveCfg = Release|Any CPU
		{3C40CB5D-74E4-4311-80F5-3E527734B77A}.Release|Any CPU.Build.0 = Release|Any CPU
	EndGlobalSection
	GlobalSection(SolutionProperties) = preSolution
		HideSolutionNode = FALSE
	EndGlobalSection
	GlobalSection(ExtensibilityGlobals) = postSolution
		SolutionGuid = {441F8104-BFE2-4730-8483-2A9FE6D8F9CD}
	EndGlobalSection
EndGlobal
